// !$*UTF8*$!
{
	archiveVersion = 1;
	classes = {
	};
	objectVersion = 56;
	objects = {

/* Begin PBXBuildFile section */
		33C99FBE2A4216DE00F7195A /* AppDelegate.swift in Sources */ = {isa = PBXBuildFile; fileRef = 33C99FBD2A4216DE00F7195A /* AppDelegate.swift */; };
		33C99FC02A4216DE00F7195A /* SceneDelegate.swift in Sources */ = {isa = PBXBuildFile; fileRef = 33C99FBF2A4216DE00F7195A /* SceneDelegate.swift */; };
		33C99FC22A4216DE00F7195A /* PasswordViewController.swift in Sources */ = {isa = PBXBuildFile; fileRef = 33C99FC12A4216DE00F7195A /* PasswordViewController.swift */; };
		33C99FC52A4216DE00F7195A /* Main.storyboard in Resources */ = {isa = PBXBuildFile; fileRef = 33C99FC32A4216DE00F7195A /* Main.storyboard */; };
		33C99FC72A4216DF00F7195A /* Assets.xcassets in Resources */ = {isa = PBXBuildFile; fileRef = 33C99FC62A4216DF00F7195A /* Assets.xcassets */; };
		33C99FCA2A4216DF00F7195A /* LaunchScreen.storyboard in Resources */ = {isa = PBXBuildFile; fileRef = 33C99FC82A4216DF00F7195A /* LaunchScreen.storyboard */; };
		33C99FD22A42185800F7195A /* MyVM.swift in Sources */ = {isa = PBXBuildFile; fileRef = 33C99FD12A42185800F7195A /* MyVM.swift */; };
		33C99FD42A42E6FC00F7195A /* DebounceViewController.swift in Sources */ = {isa = PBXBuildFile; fileRef = 33C99FD32A42E6FC00F7195A /* DebounceViewController.swift */; };
/* End PBXBuildFile section */

/* Begin PBXFileReference section */
		33C99FBA2A4216DE00F7195A /* CombinePractice.app */ = {isa = PBXFileReference; explicitFileType = wrapper.application; includeInIndex = 0; path = CombinePractice.app; sourceTree = BUILT_PRODUCTS_DIR; };
		33C99FBD2A4216DE00F7195A /* AppDelegate.swift */ = {isa = PBXFileReference; lastKnownFileType = sourcecode.swift; path = AppDelegate.swift; sourceTree = "<group>"; };
		33C99FBF2A4216DE00F7195A /* SceneDelegate.swift */ = {isa = PBXFileReference; lastKnownFileType = sourcecode.swift; path = SceneDelegate.swift; sourceTree = "<group>"; };
		33C99FC12A4216DE00F7195A /* PasswordViewController.swift */ = {isa = PBXFileReference; lastKnownFileType = sourcecode.swift; path = PasswordViewController.swift; sourceTree = "<group>"; };
		33C99FC42A4216DE00F7195A /* Base */ = {isa = PBXFileReference; lastKnownFileType = file.storyboard; name = Base; path = Base.lproj/Main.storyboard; sourceTree = "<group>"; };
		33C99FC62A4216DF00F7195A /* Assets.xcassets */ = {isa = PBXFileReference; lastKnownFileType = folder.assetcatalog; path = Assets.xcassets; sourceTree = "<group>"; };
		33C99FC92A4216DF00F7195A /* Base */ = {isa = PBXFileReference; lastKnownFileType = file.storyboard; name = Base; path = Base.lproj/LaunchScreen.storyboard; sourceTree = "<group>"; };
		33C99FCB2A4216DF00F7195A /* Info.plist */ = {isa = PBXFileReference; lastKnownFileType = text.plist.xml; path = Info.plist; sourceTree = "<group>"; };
		33C99FD12A42185800F7195A /* MyVM.swift */ = {isa = PBXFileReference; lastKnownFileType = sourcecode.swift; path = MyVM.swift; sourceTree = "<group>"; };
		33C99FD32A42E6FC00F7195A /* DebounceViewController.swift */ = {isa = PBXFileReference; lastKnownFileType = sourcecode.swift; path = DebounceViewController.swift; sourceTree = "<group>"; };
/* End PBXFileReference section */

/* Begin PBXFrameworksBuildPhase section */
		33C99FB72A4216DE00F7195A /* Frameworks */ = {
			isa = PBXFrameworksBuildPhase;
			buildActionMask = 2147483647;
			files = (
			);
			runOnlyForDeploymentPostprocessing = 0;
		};
/* End PBXFrameworksBuildPhase section */

/* Begin PBXGroup section */
		33C99FB12A4216DE00F7195A = {
			isa = PBXGroup;
			children = (
				33C99FBC2A4216DE00F7195A /* CombinePractice */,
				33C99FBB2A4216DE00F7195A /* Products */,
			);
			sourceTree = "<group>";
		};
		33C99FBB2A4216DE00F7195A /* Products */ = {
			isa = PBXGroup;
			children = (
				33C99FBA2A4216DE00F7195A /* CombinePractice.app */,
			);
			name = Products;
			sourceTree = "<group>";
		};
		33C99FBC2A4216DE00F7195A /* CombinePractice */ = {
			isa = PBXGroup;
			children = (
				33C99FBD2A4216DE00F7195A /* AppDelegate.swift */,
				33C99FBF2A4216DE00F7195A /* SceneDelegate.swift */,
				33C99FD62A42E70D00F7195A /* ViewModels */,
				33C99FD52A42E70100F7195A /* Scenes */,
				33C99FC32A4216DE00F7195A /* Main.storyboard */,
				33C99FC62A4216DF00F7195A /* Assets.xcassets */,
				33C99FC82A4216DF00F7195A /* LaunchScreen.storyboard */,
				33C99FCB2A4216DF00F7195A /* Info.plist */,
			);
			path = CombinePractice;
			sourceTree = "<group>";
		};
		33C99FD52A42E70100F7195A /* Scenes */ = {
			isa = PBXGroup;
			children = (
				33C99FC12A4216DE00F7195A /* PasswordViewController.swift */,
				33C99FD32A42E6FC00F7195A /* DebounceViewController.swift */,
			);
			path = Scenes;
			sourceTree = "<group>";
		};
		33C99FD62A42E70D00F7195A /* ViewModels */ = {
			isa = PBXGroup;
			children = (
				33C99FD12A42185800F7195A /* MyVM.swift */,
			);
			path = ViewModels;
			sourceTree = "<group>";
		};
/* End PBXGroup section */

/* Begin PBXNativeTarget section */
		33C99FB92A4216DE00F7195A /* CombinePractice */ = {
			isa = PBXNativeTarget;
			buildConfigurationList = 33C99FCE2A4216DF00F7195A /* Build configuration list for PBXNativeTarget "CombinePractice" */;
			buildPhases = (
				33C99FB62A4216DE00F7195A /* Sources */,
				33C99FB72A4216DE00F7195A /* Frameworks */,
				33C99FB82A4216DE00F7195A /* Resources */,
			);
			buildRules = (
			);
			dependencies = (
			);
			name = CombinePractice;
			productName = CombinePractice;
			productReference = 33C99FBA2A4216DE00F7195A /* CombinePractice.app */;
			productType = "com.apple.product-type.application";
		};
/* End PBXNativeTarget section */

/* Begin PBXProject section */
		33C99FB22A4216DE00F7195A /* Project object */ = {
			isa = PBXProject;
			attributes = {
				BuildIndependentTargetsInParallel = 1;
				LastSwiftUpdateCheck = 1430;
				LastUpgradeCheck = 1430;
				TargetAttributes = {
					33C99FB92A4216DE00F7195A = {
						CreatedOnToolsVersion = 14.3.1;
					};
				};
			};
			buildConfigurationList = 33C99FB52A4216DE00F7195A /* Build configuration list for PBXProject "CombinePractice" */;
			compatibilityVersion = "Xcode 14.0";
			developmentRegion = en;
			hasScannedForEncodings = 0;
			knownRegions = (
				en,
				Base,
			);
			mainGroup = 33C99FB12A4216DE00F7195A;
			productRefGroup = 33C99FBB2A4216DE00F7195A /* Products */;
			projectDirPath = "";
			projectRoot = "";
			targets = (
				33C99FB92A4216DE00F7195A /* CombinePractice */,
			);
		};
/* End PBXProject section */

/* Begin PBXResourcesBuildPhase section */
		33C99FB82A4216DE00F7195A /* Resources */ = {
			isa = PBXResourcesBuildPhase;
			buildActionMask = 2147483647;
			files = (
				33C99FCA2A4216DF00F7195A /* LaunchScreen.storyboard in Resources */,
				33C99FC72A4216DF00F7195A /* Assets.xcassets in Resources */,
				33C99FC52A4216DE00F7195A /* Main.storyboard in Resources */,
			);
			runOnlyForDeploymentPostprocessing = 0;
		};
/* End PBXResourcesBuildPhase section */

/* Begin PBXSourcesBuildPhase section */
		33C99FB62A4216DE00F7195A /* Sources */ = {
			isa = PBXSourcesBuildPhase;
			buildActionMask = 2147483647;
			files = (
				33C99FC22A4216DE00F7195A /* PasswordViewController.swift in Sources */,
				33C99FBE2A4216DE00F7195A /* AppDelegate.swift in Sources */,
				33C99FD22A42185800F7195A /* MyVM.swift in Sources */,
				33C99FD42A42E6FC00F7195A /* DebounceViewController.swift in Sources */,
				33C99FC02A4216DE00F7195A /* SceneDelegate.swift in Sources */,
			);
			runOnlyForDeploymentPostprocessing = 0;
		};
/* End PBXSourcesBuildPhase section */

/* Begin PBXVariantGroup section */
		33C99FC32A4216DE00F7195A /* Main.storyboard */ = {
			isa = PBXVariantGroup;
			children = (
				33C99FC42A4216DE00F7195A /* Base */,
			);
			name = Main.storyboard;
			sourceTree = "<group>";
		};
		33C99FC82A4216DF00F7195A /* LaunchScreen.storyboard */ = {
			isa = PBXVariantGroup;
			children = (
				33C99FC92A4216DF00F7195A /* Base */,
			);
			name = LaunchScreen.storyboard;
			sourceTree = "<group>";
		};
/* End PBXVariantGroup section */

/* Begin XCBuildConfiguration section */
		33C99FCC2A4216DF00F7195A /* Debug */ = {
			isa = XCBuildConfiguration;
			buildSettings = {
				ALWAYS_SEARCH_USER_PATHS = NO;
				CLANG_ANALYZER_NONNULL = YES;
				CLANG_ANALYZER_NUMBER_OBJECT_CONVERSION = YES_AGGRESSIVE;
				CLANG_CXX_LANGUAGE_STANDARD = "gnu++20";
				CLANG_ENABLE_MODULES = YES;
				CLANG_ENABLE_OBJC_ARC = YES;
				CLANG_ENABLE_OBJC_WEAK = YES;
				CLANG_WARN_BLOCK_CAPTURE_AUTORELEASING = YES;
				CLANG_WARN_BOOL_CONVERSION = YES;
				CLANG_WARN_COMMA = YES;
				CLANG_WARN_CONSTANT_CONVERSION = YES;
				CLANG_WARN_DEPRECATED_OBJC_IMPLEMENTATIONS = YES;
				CLANG_WARN_DIRECT_OBJC_ISA_USAGE = YES_ERROR;
				CLANG_WARN_DOCUMENTATION_COMMENTS = YES;
				CLANG_WARN_EMPTY_BODY = YES;
				CLANG_WARN_ENUM_CONVERSION = YES;
				CLANG_WARN_INFINITE_RECURSION = YES;
				CLANG_WARN_INT_CONVERSION = YES;
				CLANG_WARN_NON_LITERAL_NULL_CONVERSION = YES;
				CLANG_WARN_OBJC_IMPLICIT_RETAIN_SELF = YES;
				CLANG_WARN_OBJC_LITERAL_CONVERSION = YES;
				CLANG_WARN_OBJC_ROOT_CLASS = YES_ERROR;
				CLANG_WARN_QUOTED_INCLUDE_IN_FRAMEWORK_HEADER = YES;
				CLANG_WARN_RANGE_LOOP_ANALYSIS = YES;
				CLANG_WARN_STRICT_PROTOTYPES = YES;
				CLANG_WARN_SUSPICIOUS_MOVE = YES;
				CLANG_WARN_UNGUARDED_AVAILABILITY = YES_AGGRESSIVE;
				CLANG_WARN_UNREACHABLE_CODE = YES;
				CLANG_WARN__DUPLICATE_METHOD_MATCH = YES;
				COPY_PHASE_STRIP = NO;
				DEBUG_INFORMATION_FORMAT = dwarf;
				ENABLE_STRICT_OBJC_MSGSEND = YES;
				ENABLE_TESTABILITY = YES;
				GCC_C_LANGUAGE_STANDARD = gnu11;
				GCC_DYNAMIC_NO_PIC = NO;
				GCC_NO_COMMON_BLOCKS = YES;
				GCC_OPTIMIZATION_LEVEL = 0;
				GCC_PREPROCESSOR_DEFINITIONS = (
					"DEBUG=1",
					"$(inherited)",
				);
				GCC_WARN_64_TO_32_BIT_CONVERSION = YES;
				GCC_WARN_ABOUT_RETURN_TYPE = YES_ERROR;
				GCC_WARN_UNDECLARED_SELECTOR = YES;
				GCC_WARN_UNINITIALIZED_AUTOS = YES_AGGRESSIVE;
				GCC_WARN_UNUSED_FUNCTION = YES;
				GCC_WARN_UNUSED_VARIABLE = YES;
				IPHONEOS_DEPLOYMENT_TARGET = 16.4;
				MTL_ENABLE_DEBUG_INFO = INCLUDE_SOURCE;
				MTL_FAST_MATH = YES;
				ONLY_ACTIVE_ARCH = YES;
				SDKROOT = iphoneos;
				SWIFT_ACTIVE_COMPILATION_CONDITIONS = DEBUG;
				SWIFT_OPTIMIZATION_LEVEL = "-Onone";
			};
			name = Debug;
		};
		33C99FCD2A4216DF00F7195A /* Release */ = {
			isa = XCBuildConfiguration;
			buildSettings = {
				ALWAYS_SEARCH_USER_PATHS = NO;
				CLANG_ANALYZER_NONNULL = YES;
				CLANG_ANALYZER_NUMBER_OBJECT_CONVERSION = YES_AGGRESSIVE;
				CLANG_CXX_LANGUAGE_STANDARD = "gnu++20";
				CLANG_ENABLE_MODULES = YES;
				CLANG_ENABLE_OBJC_ARC = YES;
				CLANG_ENABLE_OBJC_WEAK = YES;
				CLANG_WARN_BLOCK_CAPTURE_AUTORELEASING = YES;
				CLANG_WARN_BOOL_CONVERSION = YES;
				CLANG_WARN_COMMA = YES;
				CLANG_WARN_CONSTANT_CONVERSION = YES;
				CLANG_WARN_DEPRECATED_OBJC_IMPLEMENTATIONS = YES;
				CLANG_WARN_DIRECT_OBJC_ISA_USAGE = YES_ERROR;
				CLANG_WARN_DOCUMENTATION_COMMENTS = YES;
				CLANG_WARN_EMPTY_BODY = YES;
				CLANG_WARN_ENUM_CONVERSION = YES;
				CLANG_WARN_INFINITE_RECURSION = YES;
				CLANG_WARN_INT_CONVERSION = YES;
				CLANG_WARN_NON_LITERAL_NULL_CONVERSION = YES;
				CLANG_WARN_OBJC_IMPLICIT_RETAIN_SELF = YES;
				CLANG_WARN_OBJC_LITERAL_CONVERSION = YES;
				CLANG_WARN_OBJC_ROOT_CLASS = YES_ERROR;
				CLANG_WARN_QUOTED_INCLUDE_IN_FRAMEWORK_HEADER = YES;
				CLANG_WARN_RANGE_LOOP_ANALYSIS = YES;
				CLANG_WARN_STRICT_PROTOTYPES = YES;
				CLANG_WARN_SUSPICIOUS_MOVE = YES;
				CLANG_WARN_UNGUARDED_AVAILABILITY = YES_AGGRESSIVE;
				CLANG_WARN_UNREACHABLE_CODE = YES;
				CLANG_WARN__DUPLICATE_METHOD_MATCH = YES;
				COPY_PHASE_STRIP = NO;
				DEBUG_INFORMATION_FORMAT = "dwarf-with-dsym";
				ENABLE_NS_ASSERTIONS = NO;
				ENABLE_STRICT_OBJC_MSGSEND = YES;
				GCC_C_LANGUAGE_STANDARD = gnu11;
				GCC_NO_COMMON_BLOCKS = YES;
				GCC_WARN_64_TO_32_BIT_CONVERSION = YES;
				GCC_WARN_ABOUT_RETURN_TYPE = YES_ERROR;
				GCC_WARN_UNDECLARED_SELECTOR = YES;
				GCC_WARN_UNINITIALIZED_AUTOS = YES_AGGRESSIVE;
				GCC_WARN_UNUSED_FUNCTION = YES;
				GCC_WARN_UNUSED_VARIABLE = YES;
				IPHONEOS_DEPLOYMENT_TARGET = 16.4;
				MTL_ENABLE_DEBUG_INFO = NO;
				MTL_FAST_MATH = YES;
				SDKROOT = iphoneos;
				SWIFT_COMPILATION_MODE = wholemodule;
				SWIFT_OPTIMIZATION_LEVEL = "-O";
				VALIDATE_PRODUCT = YES;
			};
			name = Release;
		};
		33C99FCF2A4216DF00F7195A /* Debug */ = {
			isa = XCBuildConfiguration;
			buildSettings = {
				ASSETCATALOG_COMPILER_APPICON_NAME = AppIcon;
				ASSETCATALOG_COMPILER_GLOBAL_ACCENT_COLOR_NAME = AccentColor;
				CODE_SIGN_STYLE = Automatic;
				CURRENT_PROJECT_VERSION = 1;
				DEVELOPMENT_TEAM = HJ943JVKX7;
				GENERATE_INFOPLIST_FILE = YES;
				INFOPLIST_FILE = CombinePractice/Info.plist;
				INFOPLIST_KEY_UIApplicationSupportsIndirectInputEvents = YES;
				INFOPLIST_KEY_UILaunchStoryboardName = LaunchScreen;
				INFOPLIST_KEY_UIMainStoryboardFile = Main;
				INFOPLIST_KEY_UISupportedInterfaceOrientations_iPad = "UIInterfaceOrientationPortrait UIInterfaceOrientationPortraitUpsideDown UIInterfaceOrientationLandscapeLeft UIInterfaceOrientationLandscapeRight";
				INFOPLIST_KEY_UISupportedInterfaceOrientations_iPhone = "UIInterfaceOrientationPortrait UIInterfaceOrientationLandscapeLeft UIInterfaceOrientationLandscapeRight";
				LD_RUNPATH_SEARCH_PATHS = (
					"$(inherited)",
					"@executable_path/Frameworks",
				);
				MARKETING_VERSION = 1.0;
				PRODUCT_BUNDLE_IDENTIFIER = oasis444.CombinePractice;
				PRODUCT_NAME = "$(TARGET_NAME)";
				SUPPORTED_PLATFORMS = "iphoneos iphonesimulator";
				SUPPORTS_MACCATALYST = NO;
				SUPPORTS_MAC_DESIGNED_FOR_IPHONE_IPAD = NO;
				SWIFT_EMIT_LOC_STRINGS = YES;
				SWIFT_VERSION = 5.0;
				TARGETED_DEVICE_FAMILY = "1,2";
			};
			name = Debug;
		};
		33C99FD02A4216DF00F7195A /* Release */ = {
			isa = XCBuildConfiguration;
			buildSettings = {
				ASSETCATALOG_COMPILER_APPICON_NAME = AppIcon;
				ASSETCATALOG_COMPILER_GLOBAL_ACCENT_COLOR_NAME = AccentColor;
				CODE_SIGN_STYLE = Automatic;
				CURRENT_PROJECT_VERSION = 1;
				DEVELOPMENT_TEAM = HJ943JVKX7;
				GENERATE_INFOPLIST_FILE = YES;
				INFOPLIST_FILE = CombinePractice/Info.plist;
				INFOPLIST_KEY_UIApplicationSupportsIndirectInputEvents = YES;
				INFOPLIST_KEY_UILaunchStoryboardName = LaunchScreen;
				INFOPLIST_KEY_UIMainStoryboardFile = Main;
				INFOPLIST_KEY_UISupportedInterfaceOrientations_iPad = "UIInterfaceOrientationPortrait UIInterfaceOrientationPortraitUpsideDown UIInterfaceOrientationLandscapeLeft UIInterfaceOrientationLandscapeRight";
				INFOPLIST_KEY_UISupportedInterfaceOrientations_iPhone = "UIInterfaceOrientationPortrait UIInterfaceOrientationLandscapeLeft UIInterfaceOrientationLandscapeRight";
				LD_RUNPATH_SEARCH_PATHS = (
					"$(inherited)",
					"@executable_path/Frameworks",
				);
				MARKETING_VERSION = 1.0;
				PRODUCT_BUNDLE_IDENTIFIER = oasis444.CombinePractice;
				PRODUCT_NAME = "$(TARGET_NAME)";
				SUPPORTED_PLATFORMS = "iphoneos iphonesimulator";
				SUPPORTS_MACCATALYST = NO;
				SUPPORTS_MAC_DESIGNED_FOR_IPHONE_IPAD = NO;
				SWIFT_EMIT_LOC_STRINGS = YES;
				SWIFT_VERSION = 5.0;
				TARGETED_DEVICE_FAMILY = "1,2";
			};
			name = Release;
		};
/* End XCBuildConfiguration section */

/* Begin XCConfigurationList section */
		33C99FB52A4216DE00F7195A /* Build configuration list for PBXProject "CombinePractice" */ = {
			isa = XCConfigurationList;
			buildConfigurations = (
				33C99FCC2A4216DF00F7195A /* Debug */,
				33C99FCD2A4216DF00F7195A /* Release */,
			);
			defaultConfigurationIsVisible = 0;
			defaultConfigurationName = Release;
		};
		33C99FCE2A4216DF00F7195A /* Build configuration list for PBXNativeTarget "CombinePractice" */ = {
			isa = XCConfigurationList;
			buildConfigurations = (
				33C99FCF2A4216DF00F7195A /* Debug */,
				33C99FD02A4216DF00F7195A /* Release */,
			);
			defaultConfigurationIsVisible = 0;
			defaultConfigurationName = Release;
		};
/* End XCConfigurationList section */
	};
	rootObject = 33C99FB22A4216DE00F7195A /* Project object */;
}
